{
    "_readme": [
        "This file locks the dependencies of your project to a known state",
        "Read more about it at https://getcomposer.org/doc/01-basic-usage.md#composer-lock-the-lock-file",
        "This file is @generated automatically"
    ],
    "hash": "defcf74b52bb93209e04c48238f20498",
    "content-hash": "eba550840e18b2214308b72d03cf2e05",
    "packages": [
        {
            "name": "chobie/jira-api-restclient",
            "version": "dev-master",
            "source": {
                "type": "git",
                "url": "https://github.com/chobie/jira-api-restclient.git",
                "reference": "db8c1f095e412b52ef57c27fa4326b681a7e668b"
            },
            "dist": {
                "type": "zip",
                "url": "https://api.github.com/repos/chobie/jira-api-restclient/zipball/db8c1f095e412b52ef57c27fa4326b681a7e668b",
                "reference": "db8c1f095e412b52ef57c27fa4326b681a7e668b",
                "shasum": ""
            },
            "require": {
                "php": ">=5.3.0"
            },
            "require-dev": {
                "aik099/coding-standard": "dev-master",
                "phpunit/phpunit": "^4.1|^5.0",
                "squizlabs/php_codesniffer": "^2.6"
            },
            "type": "library",
            "extra": {
                "branch-alias": {
                    "dev-master": "2.0-dev"
                }
            },
            "autoload": {
                "psr-4": {
                    "chobie\\": "src"
                }
            },
            "notification-url": "https://packagist.org/downloads/",
            "license": [
                "MIT"
            ],
            "authors": [
                {
                    "name": "Shuhei Tanuma",
                    "email": "chobieeee@php.net",
                    "homepage": "http://chobie.github.io/"
                }
            ],
            "description": "JIRA REST API Client",
            "keywords": [
                "api",
                "jira",
                "rest"
            ],
            "time": "2016-11-16 16:27:27"
        },
        {
            "name": "console-helpers/console-kit",
            "version": "dev-master",
            "source": {
                "type": "git",
                "url": "https://github.com/console-helpers/console-kit.git",
                "reference": "a967549be2ecc46d4dd44f865187fdad39d08602"
            },
            "dist": {
                "type": "zip",
                "url": "https://api.github.com/repos/console-helpers/console-kit/zipball/a967549be2ecc46d4dd44f865187fdad39d08602",
                "reference": "a967549be2ecc46d4dd44f865187fdad39d08602",
                "shasum": ""
            },
            "require": {
                "php": ">=5.3.2",
                "pimple/pimple": "^2.0|^3.0",
                "stecman/symfony-console-completion": "^0.6.1",
                "symfony/console": "^2.7"
            },
            "require-dev": {
                "aik099/coding-standard": "dev-master"
            },
            "type": "library",
            "extra": {
                "branch-alias": {
                    "dev-master": "0.1.x-dev"
                }
            },
            "autoload": {
                "psr-4": {
                    "ConsoleHelpers\\ConsoleKit\\": "src/ConsoleKit/",
                    "Tests\\ConsoleHelpers\\ConsoleKit\\": "tests/ConsoleKit/"
                }
            },
            "notification-url": "https://packagist.org/downloads/",
            "license": [
                "BSD 3-Clause"
            ],
            "authors": [
                {
                    "name": "Alexander Obuhovich",
                    "email": "aik.bold@gmail.com"
                }
            ],
            "description": "Toolkit for creating command line applications using Symfony Console component",
            "time": "2016-09-13 11:51:13"
        },
        {
            "name": "doctrine/cache",
            "version": "v1.5.4",
            "source": {
                "type": "git",
                "url": "https://github.com/doctrine/cache.git",
                "reference": "47cdc76ceb95cc591d9c79a36dc3794975b5d136"
            },
            "dist": {
                "type": "zip",
                "url": "https://api.github.com/repos/doctrine/cache/zipball/47cdc76ceb95cc591d9c79a36dc3794975b5d136",
                "reference": "47cdc76ceb95cc591d9c79a36dc3794975b5d136",
                "shasum": ""
            },
            "require": {
                "php": ">=5.3.2"
            },
            "conflict": {
                "doctrine/common": ">2.2,<2.4"
            },
            "require-dev": {
                "phpunit/phpunit": ">=3.7",
                "predis/predis": "~1.0",
                "satooshi/php-coveralls": "~0.6"
            },
            "type": "library",
            "extra": {
                "branch-alias": {
                    "dev-master": "1.5.x-dev"
                }
            },
            "autoload": {
                "psr-4": {
                    "Doctrine\\Common\\Cache\\": "lib/Doctrine/Common/Cache"
                }
            },
            "notification-url": "https://packagist.org/downloads/",
            "license": [
                "MIT"
            ],
            "authors": [
                {
                    "name": "Roman Borschel",
                    "email": "roman@code-factory.org"
                },
                {
                    "name": "Benjamin Eberlei",
                    "email": "kontakt@beberlei.de"
                },
                {
                    "name": "Guilherme Blanco",
                    "email": "guilhermeblanco@gmail.com"
                },
                {
                    "name": "Jonathan Wage",
                    "email": "jonwage@gmail.com"
                },
                {
                    "name": "Johannes Schmitt",
                    "email": "schmittjoh@gmail.com"
                }
            ],
            "description": "Caching library offering an object-oriented API for many cache backends",
            "homepage": "http://www.doctrine-project.org",
            "keywords": [
                "cache",
                "caching"
            ],
            "time": "2015-12-19 05:03:47"
        },
        {
            "name": "pimple/pimple",
            "version": "v3.0.2",
            "source": {
                "type": "git",
                "url": "https://github.com/silexphp/Pimple.git",
                "reference": "a30f7d6e57565a2e1a316e1baf2a483f788b258a"
            },
            "dist": {
                "type": "zip",
                "url": "https://api.github.com/repos/silexphp/Pimple/zipball/a30f7d6e57565a2e1a316e1baf2a483f788b258a",
                "reference": "a30f7d6e57565a2e1a316e1baf2a483f788b258a",
                "shasum": ""
            },
            "require": {
                "php": ">=5.3.0"
            },
            "type": "library",
            "extra": {
                "branch-alias": {
                    "dev-master": "3.0.x-dev"
                }
            },
            "autoload": {
                "psr-0": {
                    "Pimple": "src/"
                }
            },
            "notification-url": "https://packagist.org/downloads/",
            "license": [
                "MIT"
            ],
            "authors": [
                {
                    "name": "Fabien Potencier",
                    "email": "fabien@symfony.com"
                }
            ],
            "description": "Pimple, a simple Dependency Injection Container",
            "homepage": "http://pimple.sensiolabs.org",
            "keywords": [
                "container",
                "dependency injection"
            ],
            "time": "2015-09-11 15:10:35"
        },
        {
            "name": "psr/log",
            "version": "1.0.2",
            "source": {
                "type": "git",
                "url": "https://github.com/php-fig/log.git",
                "reference": "4ebe3a8bf773a19edfe0a84b6585ba3d401b724d"
            },
            "dist": {
                "type": "zip",
                "url": "https://api.github.com/repos/php-fig/log/zipball/4ebe3a8bf773a19edfe0a84b6585ba3d401b724d",
                "reference": "4ebe3a8bf773a19edfe0a84b6585ba3d401b724d",
                "shasum": ""
            },
            "require": {
                "php": ">=5.3.0"
            },
            "type": "library",
            "extra": {
                "branch-alias": {
                    "dev-master": "1.0.x-dev"
                }
            },
            "autoload": {
                "psr-4": {
                    "Psr\\Log\\": "Psr/Log/"
                }
            },
            "notification-url": "https://packagist.org/downloads/",
            "license": [
                "MIT"
            ],
            "authors": [
                {
                    "name": "PHP-FIG",
                    "homepage": "http://www.php-fig.org/"
                }
            ],
            "description": "Common interface for logging libraries",
            "homepage": "https://github.com/php-fig/log",
            "keywords": [
                "log",
                "psr",
                "psr-3"
            ],
            "time": "2016-10-10 12:19:37"
        },
        {
            "name": "stecman/symfony-console-completion",
            "version": "0.6.2",
            "source": {
                "type": "git",
                "url": "https://github.com/stecman/symfony-console-completion.git",
                "reference": "3f9a6c017e688c771df9948521c84c6190175293"
            },
            "dist": {
                "type": "zip",
                "url": "https://api.github.com/repos/stecman/symfony-console-completion/zipball/3f9a6c017e688c771df9948521c84c6190175293",
                "reference": "3f9a6c017e688c771df9948521c84c6190175293",
                "shasum": ""
            },
            "require": {
                "php": ">=5.3.2",
                "symfony/console": "~2.3 || ~3.0"
            },
            "require-dev": {
                "phpunit/phpunit": "~4.4"
            },
            "type": "library",
            "extra": {
                "branch-alias": {
                    "dev-master": "0.6.x-dev"
                }
            },
            "autoload": {
                "psr-4": {
                    "Stecman\\Component\\Symfony\\Console\\BashCompletion\\": "src/"
                }
            },
            "notification-url": "https://packagist.org/downloads/",
            "license": [
                "MIT"
            ],
            "authors": [
                {
                    "name": "Stephen Holdaway",
                    "email": "stephen@stecman.co.nz"
                }
            ],
            "description": "Automatic BASH completion for Symfony Console Component based applications.",
            "time": "2015-12-12 12:23:58"
        },
        {
            "name": "symfony/console",
            "version": "v2.8.14",
            "source": {
                "type": "git",
                "url": "https://github.com/symfony/console.git",
                "reference": "a871ba00e0f604dceac64c56c27f99fbeaf4854e"
            },
            "dist": {
                "type": "zip",
                "url": "https://api.github.com/repos/symfony/console/zipball/a871ba00e0f604dceac64c56c27f99fbeaf4854e",
                "reference": "a871ba00e0f604dceac64c56c27f99fbeaf4854e",
                "shasum": ""
            },
            "require": {
                "php": ">=5.3.9",
                "symfony/debug": "~2.7,>=2.7.2|~3.0.0",
                "symfony/polyfill-mbstring": "~1.0"
            },
            "require-dev": {
                "psr/log": "~1.0",
                "symfony/event-dispatcher": "~2.1|~3.0.0",
                "symfony/process": "~2.1|~3.0.0"
            },
            "suggest": {
                "psr/log": "For using the console logger",
                "symfony/event-dispatcher": "",
                "symfony/process": ""
            },
            "type": "library",
            "extra": {
                "branch-alias": {
                    "dev-master": "2.8-dev"
                }
            },
            "autoload": {
                "psr-4": {
                    "Symfony\\Component\\Console\\": ""
                },
                "exclude-from-classmap": [
                    "/Tests/"
                ]
            },
            "notification-url": "https://packagist.org/downloads/",
            "license": [
                "MIT"
            ],
            "authors": [
                {
                    "name": "Fabien Potencier",
                    "email": "fabien@symfony.com"
                },
                {
                    "name": "Symfony Community",
                    "homepage": "https://symfony.com/contributors"
                }
            ],
            "description": "Symfony Console Component",
            "homepage": "https://symfony.com",
            "time": "2016-11-15 23:02:12"
        },
        {
            "name": "symfony/debug",
            "version": "v2.8.14",
            "source": {
                "type": "git",
                "url": "https://github.com/symfony/debug.git",
                "reference": "62a68f640456f6761d752c62d81631428ef0d8a1"
            },
            "dist": {
                "type": "zip",
                "url": "https://api.github.com/repos/symfony/debug/zipball/62a68f640456f6761d752c62d81631428ef0d8a1",
                "reference": "62a68f640456f6761d752c62d81631428ef0d8a1",
                "shasum": ""
            },
            "require": {
                "php": ">=5.3.9",
                "psr/log": "~1.0"
            },
            "conflict": {
                "symfony/http-kernel": ">=2.3,<2.3.24|~2.4.0|>=2.5,<2.5.9|>=2.6,<2.6.2"
            },
            "require-dev": {
                "symfony/class-loader": "~2.2|~3.0.0",
                "symfony/http-kernel": "~2.3.24|~2.5.9|~2.6,>=2.6.2|~3.0.0"
            },
            "type": "library",
            "extra": {
                "branch-alias": {
                    "dev-master": "2.8-dev"
                }
            },
            "autoload": {
                "psr-4": {
                    "Symfony\\Component\\Debug\\": ""
                },
                "exclude-from-classmap": [
                    "/Tests/"
                ]
            },
            "notification-url": "https://packagist.org/downloads/",
            "license": [
                "MIT"
            ],
            "authors": [
                {
                    "name": "Fabien Potencier",
                    "email": "fabien@symfony.com"
                },
                {
                    "name": "Symfony Community",
                    "homepage": "https://symfony.com/contributors"
                }
            ],
            "description": "Symfony Debug Component",
            "homepage": "https://symfony.com",
            "time": "2016-11-15 12:53:17"
        },
        {
            "name": "symfony/polyfill-mbstring",
            "version": "v1.3.0",
            "source": {
                "type": "git",
                "url": "https://github.com/symfony/polyfill-mbstring.git",
                "reference": "e79d363049d1c2128f133a2667e4f4190904f7f4"
            },
            "dist": {
                "type": "zip",
                "url": "https://api.github.com/repos/symfony/polyfill-mbstring/zipball/e79d363049d1c2128f133a2667e4f4190904f7f4",
                "reference": "e79d363049d1c2128f133a2667e4f4190904f7f4",
                "shasum": ""
            },
            "require": {
                "php": ">=5.3.3"
            },
            "suggest": {
                "ext-mbstring": "For best performance"
            },
            "type": "library",
            "extra": {
                "branch-alias": {
                    "dev-master": "1.3-dev"
                }
            },
            "autoload": {
                "psr-4": {
                    "Symfony\\Polyfill\\Mbstring\\": ""
                },
                "files": [
                    "bootstrap.php"
                ]
            },
            "notification-url": "https://packagist.org/downloads/",
            "license": [
                "MIT"
            ],
            "authors": [
                {
                    "name": "Nicolas Grekas",
                    "email": "p@tchwork.com"
                },
                {
                    "name": "Symfony Community",
                    "homepage": "https://symfony.com/contributors"
                }
            ],
            "description": "Symfony polyfill for the Mbstring extension",
            "homepage": "https://symfony.com",
            "keywords": [
                "compatibility",
                "mbstring",
                "polyfill",
                "portable",
                "shim"
            ],
            "time": "2016-11-14 01:06:16"
        }
    ],
    "packages-dev": [
        {
            "name": "aik099/coding-standard",
            "version": "dev-master",
            "source": {
                "type": "git",
                "url": "https://github.com/aik099/CodingStandard.git",
                "reference": "ce1586333f0e0851d006034beaed34a4b9438c92"
            },
            "dist": {
                "type": "zip",
                "url": "https://api.github.com/repos/aik099/CodingStandard/zipball/ce1586333f0e0851d006034beaed34a4b9438c92",
                "reference": "ce1586333f0e0851d006034beaed34a4b9438c92",
                "shasum": ""
            },
            "require-dev": {
                "squizlabs/php_codesniffer": "~2.0"
            },
            "type": "library",
            "extra": {
                "branch-alias": {
                    "dev-master": "1.0.x-dev"
                }
            },
            "notification-url": "https://packagist.org/downloads/",
            "license": [
                "BSD-3-Clause"
            ],
            "authors": [
                {
                    "name": "Alexander Obuhovich",
                    "email": "aik.bold@gmail.com"
                }
            ],
            "description": "The PHP_CodeSniffer coding standard I'm using on all of my projects.",
            "keywords": [
                "PHP_CodeSniffer",
                "codesniffer"
            ],
            "time": "2016-08-07 11:47:06"
        }
    ],
    "aliases": [],
    "minimum-stability": "stable",
    "stability-flags": {
        "console-helpers/console-kit": 20,
        "chobie/jira-api-restclient": 20,
        "aik099/coding-standard": 20
    },
    "prefer-stable": false,
    "prefer-lowest": false,
    "platform": [],
    "platform-dev": []
}
